// !$*UTF8*$!
{
	archiveVersion = 1;
	classes = {
	};
	objectVersion = 46;
	objects = {

/* Begin PBXBuildFile section */
		E24DB3E1145C0C9C007FED6C /* UIKit.framework in Frameworks */ = {isa = PBXBuildFile; fileRef = E24DB3E0145C0C9C007FED6C /* UIKit.framework */; };
		E24DB3E3145C0C9C007FED6C /* Foundation.framework in Frameworks */ = {isa = PBXBuildFile; fileRef = E24DB3E2145C0C9C007FED6C /* Foundation.framework */; };
		E24DB3E5145C0C9C007FED6C /* CoreGraphics.framework in Frameworks */ = {isa = PBXBuildFile; fileRef = E24DB3E4145C0C9C007FED6C /* CoreGraphics.framework */; };
		E24DB3FE145C0D21007FED6C /* QuartzCore.framework in Frameworks */ = {isa = PBXBuildFile; fileRef = E24DB3FD145C0D21007FED6C /* QuartzCore.framework */; };
		E2CB4071145D636700BE7942 /* TestTransformAppDelegate.m in Sources */ = {isa = PBXBuildFile; fileRef = E2CB406E145D636700BE7942 /* TestTransformAppDelegate.m */; };
		E2CB4072145D636700BE7942 /* TestTransformViewController.m in Sources */ = {isa = PBXBuildFile; fileRef = E2CB4070145D636700BE7942 /* TestTransformViewController.m */; };
		E2CB4077145D63CB00BE7942 /* main.m in Sources */ = {isa = PBXBuildFile; fileRef = E2CB4075145D63CB00BE7942 /* main.m */; };
		E2CB407F145D64AB00BE7942 /* TestTransform-Info.plist in Resources */ = {isa = PBXBuildFile; fileRef = E2CB4078145D63D900BE7942 /* TestTransform-Info.plist */; };
/* End PBXBuildFile section */

/* Begin PBXFileReference section */
		E24DB3DC145C0C9C007FED6C /* TestTransform.app */ = {isa = PBXFileReference; explicitFileType = wrapper.application; includeInIndex = 0; path = TestTransform.app; sourceTree = BUILT_PRODUCTS_DIR; };
		E24DB3E0145C0C9C007FED6C /* UIKit.framework */ = {isa = PBXFileReference; lastKnownFileType = wrapper.framework; name = UIKit.framework; path = System/Library/Frameworks/UIKit.framework; sourceTree = SDKROOT; };
		E24DB3E2145C0C9C007FED6C /* Foundation.framework */ = {isa = PBXFileReference; lastKnownFileType = wrapper.framework; name = Foundation.framework; path = System/Library/Frameworks/Foundation.framework; sourceTree = SDKROOT; };
		E24DB3E4145C0C9C007FED6C /* CoreGraphics.framework */ = {isa = PBXFileReference; lastKnownFileType = wrapper.framework; name = CoreGraphics.framework; path = System/Library/Frameworks/CoreGraphics.framework; sourceTree = SDKROOT; };
		E24DB3FD145C0D21007FED6C /* QuartzCore.framework */ = {isa = PBXFileReference; lastKnownFileType = wrapper.framework; name = QuartzCore.framework; path = System/Library/Frameworks/QuartzCore.framework; sourceTree = SDKROOT; };
		E2CB406D145D636700BE7942 /* TestTransformAppDelegate.h */ = {isa = PBXFileReference; fileEncoding = 4; lastKnownFileType = sourcecode.c.h; name = TestTransformAppDelegate.h; path = Classes/TestTransformAppDelegate.h; sourceTree = SOURCE_ROOT; };
		E2CB406E145D636700BE7942 /* TestTransformAppDelegate.m */ = {isa = PBXFileReference; fileEncoding = 4; lastKnownFileType = sourcecode.c.objc; name = TestTransformAppDelegate.m; path = Classes/TestTransformAppDelegate.m; sourceTree = SOURCE_ROOT; };
		E2CB406F145D636700BE7942 /* TestTransformViewController.h */ = {isa = PBXFileReference; fileEncoding = 4; lastKnownFileType = sourcecode.c.h; name = TestTransformViewController.h; path = Classes/TestTransformViewController.h; sourceTree = SOURCE_ROOT; };
		E2CB4070145D636700BE7942 /* TestTransformViewController.m */ = {isa = PBXFileReference; fileEncoding = 4; lastKnownFileType = sourcecode.c.objc; name = TestTransformViewController.m; path = Classes/TestTransformViewController.m; sourceTree = SOURCE_ROOT; };
		E2CB4075145D63CB00BE7942 /* main.m */ = {isa = PBXFileReference; fileEncoding = 4; lastKnownFileType = sourcecode.c.objc; path = main.m; sourceTree = SOURCE_ROOT; };
		E2CB4076145D63CB00BE7942 /* TestTransform-Prefix.pch */ = {isa = PBXFileReference; fileEncoding = 4; lastKnownFileType = sourcecode.c.h; path = "TestTransform-Prefix.pch"; sourceTree = SOURCE_ROOT; };
		E2CB4078145D63D900BE7942 /* TestTransform-Info.plist */ = {isa = PBXFileReference; fileEncoding = 4; lastKnownFileType = text.plist.xml; path = "TestTransform-Info.plist"; sourceTree = SOURCE_ROOT; };
/* End PBXFileReference section */

/* Begin PBXFrameworksBuildPhase section */
		E24DB3D9145C0C9C007FED6C /* Frameworks */ = {
			isa = PBXFrameworksBuildPhase;
			buildActionMask = 2147483647;
			files = (
				E24DB3FE145C0D21007FED6C /* QuartzCore.framework in Frameworks */,
				E24DB3E1145C0C9C007FED6C /* UIKit.framework in Frameworks */,
				E24DB3E3145C0C9C007FED6C /* Foundation.framework in Frameworks */,
				E24DB3E5145C0C9C007FED6C /* CoreGraphics.framework in Frameworks */,
			);
			runOnlyForDeploymentPostprocessing = 0;
		};
/* End PBXFrameworksBuildPhase section */

/* Begin PBXGroup section */
		E24DB3D1145C0C9C007FED6C = {
			isa = PBXGroup;
			children = (
				E24DB3E6145C0C9C007FED6C /* Classes */,
				E24DB3E7145C0C9C007FED6C /* Other Sources */,
				E2CB4063145D62E200BE7942 /* Resources */,
				E24DB3DF145C0C9C007FED6C /* Frameworks */,
				E24DB3DD145C0C9C007FED6C /* Products */,
			);
			sourceTree = "<group>";
		};
		E24DB3DD145C0C9C007FED6C /* Products */ = {
			isa = PBXGroup;
			children = (
				E24DB3DC145C0C9C007FED6C /* TestTransform.app */,
			);
			name = Products;
			sourceTree = "<group>";
		};
		E24DB3DF145C0C9C007FED6C /* Frameworks */ = {
			isa = PBXGroup;
			children = (
				E24DB3FD145C0D21007FED6C /* QuartzCore.framework */,
				E24DB3E0145C0C9C007FED6C /* UIKit.framework */,
				E24DB3E2145C0C9C007FED6C /* Foundation.framework */,
				E24DB3E4145C0C9C007FED6C /* CoreGraphics.framework */,
			);
			name = Frameworks;
			sourceTree = "<group>";
		};
		E24DB3E6145C0C9C007FED6C /* Classes */ = {
			isa = PBXGroup;
			children = (
				E2CB406D145D636700BE7942 /* TestTransformAppDelegate.h */,
				E2CB406E145D636700BE7942 /* TestTransformAppDelegate.m */,
				E2CB406F145D636700BE7942 /* TestTransformViewController.h */,
				E2CB4070145D636700BE7942 /* TestTransformViewController.m */,
			);
			name = Classes;
			path = TestTransform;
			sourceTree = "<group>";
		};
		E24DB3E7145C0C9C007FED6C /* Other Sources */ = {
			isa = PBXGroup;
			children = (
				E2CB4076145D63CB00BE7942 /* TestTransform-Prefix.pch */,
				E2CB4075145D63CB00BE7942 /* main.m */,
			);
			name = "Other Sources";
			path = TestTransform;
			sourceTree = "<group>";
		};
		E2CB4063145D62E200BE7942 /* Resources */ = {
			isa = PBXGroup;
			children = (
				E2CB4078145D63D900BE7942 /* TestTransform-Info.plist */,
			);
			name = Resources;
			path = TestTransform;
			sourceTree = "<group>";
		};
/* End PBXGroup section */

/* Begin PBXNativeTarget section */
		E24DB3DB145C0C9C007FED6C /* TestTransform */ = {
			isa = PBXNativeTarget;
			buildConfigurationList = E24DB3FA145C0C9C007FED6C /* Build configuration list for PBXNativeTarget "TestTransform" */;
			buildPhases = (
				E24DB3D8145C0C9C007FED6C /* Sources */,
				E24DB3D9145C0C9C007FED6C /* Frameworks */,
				E24DB3DA145C0C9C007FED6C /* Resources */,
			);
			buildRules = (
			);
			dependencies = (
			);
			name = TestTransform;
			productName = TestTransform;
			productReference = E24DB3DC145C0C9C007FED6C /* TestTransform.app */;
			productType = "com.apple.product-type.application";
		};
/* End PBXNativeTarget section */

/* Begin PBXProject section */
		E24DB3D3145C0C9C007FED6C /* Project object */ = {
			isa = PBXProject;
			attributes = {
				LastUpgradeCheck = 0420;
				ORGANIZATIONNAME = "Tom Irving";
			};
			buildConfigurationList = E24DB3D6145C0C9C007FED6C /* Build configuration list for PBXProject "TestTransform" */;
			compatibilityVersion = "Xcode 3.2";
			developmentRegion = English;
			hasScannedForEncodings = 0;
			knownRegions = (
				en,
			);
			mainGroup = E24DB3D1145C0C9C007FED6C;
			productRefGroup = E24DB3DD145C0C9C007FED6C /* Products */;
			projectDirPath = "";
			projectRoot = "";
			targets = (
				E24DB3DB145C0C9C007FED6C /* TestTransform */,
			);
		};
/* End PBXProject section */

/* Begin PBXResourcesBuildPhase section */
		E24DB3DA145C0C9C007FED6C /* Resources */ = {
			isa = PBXResourcesBuildPhase;
			buildActionMask = 2147483647;
			files = (
				E2CB407F145D64AB00BE7942 /* TestTransform-Info.plist in Resources */,
			);
			runOnlyForDeploymentPostprocessing = 0;
		};
/* End PBXResourcesBuildPhase section */

/* Begin PBXSourcesBuildPhase section */
		E24DB3D8145C0C9C007FED6C /* Sources */ = {
			isa = PBXSourcesBuildPhase;
			buildActionMask = 2147483647;
			files = (
				E2CB4071145D636700BE7942 /* TestTransformAppDelegate.m in Sources */,
				E2CB4072145D636700BE7942 /* TestTransformViewController.m in Sources */,
				E2CB4077145D63CB00BE7942 /* main.m in Sources */,
			);
			runOnlyForDeploymentPostprocessing = 0;
		};
/* End PBXSourcesBuildPhase section */

/* Begin XCBuildConfiguration section */
		E24DB3F8145C0C9C007FED6C /* Debug */ = {
			isa = XCBuildConfiguration;
			buildSettings = {
				ALWAYS_SEARCH_USER_PATHS = NO;
				ARCHS = "$(ARCHS_STANDARD_32_BIT)";
				"CODE_SIGN_IDENTITY[sdk=iphoneos*]" = "iPhone Developer";
				COPY_PHASE_STRIP = NO;
				GCC_C_LANGUAGE_STANDARD = gnu99;
				GCC_DYNAMIC_NO_PIC = NO;
				GCC_OPTIMIZATION_LEVEL = 0;
				GCC_PREPROCESSOR_DEFINITIONS = (
					"DEBUG=1",
					"$(inherited)",
				);
				GCC_SYMBOLS_PRIVATE_EXTERN = NO;
				GCC_VERSION = com.apple.compilers.llvm.clang.1_0;
				GCC_WARN_ABOUT_MISSING_PROTOTYPES = YES;
				GCC_WARN_ABOUT_RETURN_TYPE = YES;
				GCC_WARN_UNUSED_VARIABLE = YES;
				IPHONEOS_DEPLOYMENT_TARGET = 5.0;
				SDKROOT = iphoneos;
			};
			name = Debug;
		};
		E24DB3F9145C0C9C007FED6C /* Release */ = {
			isa = XCBuildConfiguration;
			buildSettings = {
				ALWAYS_SEARCH_USER_PATHS = NO;
				ARCHS = "$(ARCHS_STANDARD_32_BIT)";
				"CODE_SIGN_IDENTITY[sdk=iphoneos*]" = "iPhone Developer";
				COPY_PHASE_STRIP = YES;
				GCC_C_LANGUAGE_STANDARD = gnu99;
				GCC_VERSION = com.apple.compilers.llvm.clang.1_0;
				GCC_WARN_ABOUT_MISSING_PROTOTYPES = YES;
				GCC_WARN_ABOUT_RETURN_TYPE = YES;
				GCC_WARN_UNUSED_VARIABLE = YES;
				IPHONEOS_DEPLOYMENT_TARGET = 5.0;
				OTHER_CFLAGS = "-DNS_BLOCK_ASSERTIONS=1";
				SDKROOT = iphoneos;
				VALIDATE_PRODUCT = YES;
			};
			name = Release;
		};
		E24DB3FB145C0C9C007FED6C /* Debug */ = {
			isa = XCBuildConfiguration;
			buildSettings = {
				GCC_PRECOMPILE_PREFIX_HEADER = YES;
				GCC_PREFIX_HEADER = "TestTransform-Prefix.pch";
				INFOPLIST_FILE = "TestTransform-Info.plist";
				PRODUCT_NAME = "$(TARGET_NAME)";
				WRAPPER_EXTENSION = app;
			};
			name = Debug;
		};
		E24DB3FC145C0C9C007FED6C /* Release */ = {
			isa = XCBuildConfiguration;
			buildSettings = {
				GCC_PRECOMPILE_PREFIX_HEADER = YES;
				GCC_PREFIX_HEADER = "TestTransform-Prefix.pch";
				INFOPLIST_FILE = "TestTransform-Info.plist";
				PRODUCT_NAME = "$(TARGET_NAME)";
				WRAPPER_EXTENSION = app;
			};
			name = Release;
		};
/* End XCBuildConfiguration section */

/* Begin XCConfigurationList section */
		E24DB3D6145C0C9C007FED6C /* Build configuration list for PBXProject "TestTransform" */ = {
			isa = XCConfigurationList;
			buildConfigurations = (
				E24DB3F8145C0C9C007FED6C /* Debug */,
				E24DB3F9145C0C9C007FED6C /* Release */,
			);
			defaultConfigurationIsVisible = 0;
			defaultConfigurationName = Release;
		};
		E24DB3FA145C0C9C007FED6C /* Build configuration list for PBXNativeTarget "TestTransform" */ = {
			isa = XCConfigurationList;
			buildConfigurations = (
				E24DB3FB145C0C9C007FED6C /* Debug */,
				E24DB3FC145C0C9C007FED6C /* Release */,
			);
			defaultConfigurationIsVisible = 0;
			defaultConfigurationName = Release;
		};
/* End XCConfigurationList section */
	};
	rootObject = E24DB3D3145C0C9C007FED6C /* Project object */;
}
